# THIS IS AN AUTOGENERATED FILE. DO NOT EDIT THIS FILE DIRECTLY.
# yarn lockfile v1


"@bfchain/util-aborter@0.0.1-alpha.4":
  version "0.0.1-alpha.4"
  resolved "https://registry.npmjs.org/@bfchain/util-aborter/-/util-aborter-0.0.1-alpha.4.tgz"
  integrity sha512-vsydqak2vHdlP9WMXTNSqz1CqP+0xr25ROcwHUEBv8MXanLRZc3Kgv91KwcUt223QWU9KdKs+hsHjE5t0IuRzw==
  dependencies:
    "@bfchain/util-extends-promise-out" "0.0.1-alpha.4"
    "@bfchain/util-extends-promise-safe" "0.0.1-alpha.4"
    "@bfchain/util-typings" "0.0.1-alpha.4"

"@bfchain/util-buffer@0.0.1-alpha.4":
  version "0.0.1-alpha.4"
  resolved "https://registry.npmjs.org/@bfchain/util-buffer/-/util-buffer-0.0.1-alpha.4.tgz"
  integrity sha512-Cj1aeRpeJZtJEsF/m3E/3zzuO8Ivhrg3rhH0emz5FcPY62u3/IasyDEV6+Fb+etJ4G4AftuZ2zddtRiCzJ/zsQ==
  dependencies:
    "@bfchain/util-typings" "0.0.1-alpha.4"

"@bfchain/util-decorator@0.0.1-alpha.4":
  version "0.0.1-alpha.4"
  resolved "https://registry.npmjs.org/@bfchain/util-decorator/-/util-decorator-0.0.1-alpha.4.tgz"
  integrity sha512-K/RBBio9UQ5x54ETcYX75wH4BqzELi3Q52h8nsQB2RQ28BxN6UMPcJbXQLanHyDewjDx2eudKlZ7A++VFzdcHQ==
  dependencies:
    "@bfchain/util-extends-promise-out" "0.0.1-alpha.4"
    "@bfchain/util-typings" "0.0.1-alpha.4"

"@bfchain/util-deepcopy@0.0.1-alpha.4":
  version "0.0.1-alpha.4"
  resolved "https://registry.npmjs.org/@bfchain/util-deepcopy/-/util-deepcopy-0.0.1-alpha.4.tgz"
  integrity sha512-t5nnl18YpIhxN7okOvmri6o/JiZbJEbSejBvYGaLTQC+NJnhhK4aBKx3PPzAUB57pwDJmhTTK8aHX/maJ5oS2w==
  dependencies:
    "@bfchain/util-type-detect" "0.0.1-alpha.4"
    "@bfchain/util-typings" "0.0.1-alpha.4"

"@bfchain/util-deepmix@0.0.1-alpha.4":
  version "0.0.1-alpha.4"
  resolved "https://registry.npmjs.org/@bfchain/util-deepmix/-/util-deepmix-0.0.1-alpha.4.tgz"
  integrity sha512-ZiGWmUBgR9Jg4+VEJMGJxqavwK017PiDMmKp79+UqLQOWHELOcWlf5t1AgXmtLYJS6Y8hc8IoHP7YDEpLYX6Lg==
  dependencies:
    "@bfchain/util-typings" "0.0.1-alpha.4"

"@bfchain/util-dep-inject@0.0.1-alpha.4":
  version "0.0.1-alpha.4"
  resolved "https://registry.npmjs.org/@bfchain/util-dep-inject/-/util-dep-inject-0.0.1-alpha.4.tgz"
  integrity sha512-qXqIZ45yCPASvAebsckq7dVWBKQHZSa3Pb4YKcOUbLnwFeXm/v2rMeBUzxtWQhqMy/W0l7RpxLihfJ621xCBUg==
  dependencies:
    "@bfchain/util-extends-map" "0.0.1-alpha.4"
    "@bfchain/util-typings" "0.0.1-alpha.4"
    reflect-metadata "^0.1.13"

"@bfchain/util-encoding-binary@0.0.1-alpha.4":
  version "0.0.1-alpha.4"
  resolved "https://registry.npmjs.org/@bfchain/util-encoding-binary/-/util-encoding-binary-0.0.1-alpha.4.tgz"
  integrity sha512-Fa5RIzAgTswvI4oD3BNqZb90ju8bE4uMRs6ey2SWXy6aeXsCP/IbtiSyYWyBI934viJHrdQx0rNtmGL2w1mYYQ==
  dependencies:
    "@bfchain/util-typings" "0.0.1-alpha.4"

"@bfchain/util-encoding-hex@0.0.1-alpha.4":
  version "0.0.1-alpha.4"
  resolved "https://registry.npmjs.org/@bfchain/util-encoding-hex/-/util-encoding-hex-0.0.1-alpha.4.tgz"
  integrity sha512-5f1SDIRxj9j3wAlMYJjfg5jSVJHnEyoDcrlCrtDRZ56j88OrNDvSgBHUf7gESEMCHoa4MQaMtRgVggk9rkn5pg==
  dependencies:
    "@bfchain/util-typings" "0.0.1-alpha.4"

"@bfchain/util-encoding-utf8@0.0.1-alpha.4":
  version "0.0.1-alpha.4"
  resolved "https://registry.npmjs.org/@bfchain/util-encoding-utf8/-/util-encoding-utf8-0.0.1-alpha.4.tgz"
  integrity sha512-QO3T1w8GIVIabnJtANjfXkGwtZ0Jvyjb3Rg3UJ/czMkxA4gqYAt/vFojwEDk0n3k6NOQM5uB9IZdK9Ja50pFqw==
  dependencies:
    "@bfchain/util-typings" "0.0.1-alpha.4"

"@bfchain/util-env@0.0.1-alpha.4":
  version "0.0.1-alpha.4"
  resolved "https://registry.npmjs.org/@bfchain/util-env/-/util-env-0.0.1-alpha.4.tgz"
  integrity sha512-dlAg2k6No9vNtRBMgkm8e+Su/bXdOxlgUMUaAslUGYaWdirVkdG1sBQ4NxmiwHCgwsc4bU9beIow/QIzhd7wOw==
  dependencies:
    "@bfchain/util-platform" "0.0.1-alpha.4"
    "@bfchain/util-typings" "0.0.1-alpha.4"

"@bfchain/util-event-base@0.0.1-alpha.4":
  version "0.0.1-alpha.4"
  resolved "https://registry.npmjs.org/@bfchain/util-event-base/-/util-event-base-0.0.1-alpha.4.tgz"
  integrity sha512-TnILJ4GFtZVQ9/zamvcRFqlKpRFYn7PAUWX4bqzOK92YXyHCYHbAzTvKijiMNv22/hbrxIELdqT0bh7MVgl8hA==
  dependencies:
    "@bfchain/util-decorator" "0.0.1-alpha.4"
    "@bfchain/util-env" "0.0.1-alpha.4"
    "@bfchain/util-extends-error" "0.0.1-alpha.4"
    "@bfchain/util-extends-function" "0.0.1-alpha.4"
    "@bfchain/util-typings" "0.0.1-alpha.4"

"@bfchain/util-event-map-emitter@0.0.1-alpha.4":
  version "0.0.1-alpha.4"
  resolved "https://registry.npmjs.org/@bfchain/util-event-map-emitter/-/util-event-map-emitter-0.0.1-alpha.4.tgz"
  integrity sha512-DSeeihwMZUebZXW/pvls99Sdt+XpPzcpRrwOsD73Tv5BGefdrC82wkNZX09jcVeeqgOyeEwYgkX8Foyz9vb8tw==
  dependencies:
    "@bfchain/util-event-base" "0.0.1-alpha.4"
    "@bfchain/util-typings" "0.0.1-alpha.4"

"@bfchain/util-event-quene-emitter@0.0.1-alpha.4":
  version "0.0.1-alpha.4"
  resolved "https://registry.npmjs.org/@bfchain/util-event-quene-emitter/-/util-event-quene-emitter-0.0.1-alpha.4.tgz"
  integrity sha512-S4C/zefVYzM4ZpE4KvIowlsE/Uab1i9HBeVPbuNc9NgpGuoISRx1EcF2NWyJjEBLf7IxajNNrpzao2cg5pfrsw==
  dependencies:
    "@bfchain/util-decorator" "0.0.1-alpha.4"
    "@bfchain/util-env" "0.0.1-alpha.4"
    "@bfchain/util-event-base" "0.0.1-alpha.4"
    "@bfchain/util-extends-error" "0.0.1-alpha.4"
    "@bfchain/util-extends-function" "0.0.1-alpha.4"
    "@bfchain/util-extends-promise-out" "0.0.1-alpha.4"
    "@bfchain/util-typings" "0.0.1-alpha.4"

"@bfchain/util-event@0.0.1-alpha.4":
  version "0.0.1-alpha.4"
  resolved "https://registry.npmjs.org/@bfchain/util-event/-/util-event-0.0.1-alpha.4.tgz"
  integrity sha512-vspPDw8TDlsU7QvnJ8pqgALrGqnG81JZToJeod+a/4izwHP0dzYaHwsgYK6GZSlFvDj+wgIcajzLwvzj5L+AxQ==
  dependencies:
    "@bfchain/util-event-base" "0.0.1-alpha.4"
    "@bfchain/util-event-map-emitter" "0.0.1-alpha.4"
    "@bfchain/util-event-quene-emitter" "0.0.1-alpha.4"
    "@bfchain/util-extends-promise-out" "0.0.1-alpha.4"
    "@bfchain/util-typings" "0.0.1-alpha.4"

"@bfchain/util-exception@0.0.1-alpha.4":
  version "0.0.1-alpha.4"
  resolved "https://registry.npmjs.org/@bfchain/util-exception/-/util-exception-0.0.1-alpha.4.tgz"
  integrity sha512-J9L9JQG+KX//RBmgR/bEW0cQFpeJRshnwkjJLvIBK3JpZuHY9ZOyVEJ7I3U2SHaFJ2hPOlkKfigmfTtqMyfAqA==
  dependencies:
    "@bfchain/util-dep-inject" "0.0.1-alpha.4"
    "@bfchain/util-extends-error" "0.0.1-alpha.4"
    "@bfchain/util-logger" "0.0.1-alpha.4"
    "@bfchain/util-platform" "0.0.1-alpha.4"
    "@bfchain/util-typings" "0.0.1-alpha.4"

"@bfchain/util-extends-error@0.0.1-alpha.4":
  version "0.0.1-alpha.4"
  resolved "https://registry.npmjs.org/@bfchain/util-extends-error/-/util-extends-error-0.0.1-alpha.4.tgz"
  integrity sha512-pX01dMoePuj78bCmlWAcUd8BYUKHxxAMnahxriKq+Y9G14uKEOOQoP2w7kpYb+X2sXnK5DsI2rGq7m5nT6W1wg==
  dependencies:
    "@bfchain/util-typings" "0.0.1-alpha.4"

"@bfchain/util-extends-function@0.0.1-alpha.4":
  version "0.0.1-alpha.4"
  resolved "https://registry.npmjs.org/@bfchain/util-extends-function/-/util-extends-function-0.0.1-alpha.4.tgz"
  integrity sha512-DJ8cHBgk0IRQTYCbah0P+Ilo1EFepRTzFkTeAmYm7vMFUDytfbZbGMMnhX6qAlj+E1sL/0BblCNZ/dQUs113eA==
  dependencies:
    "@bfchain/util-typings" "0.0.1-alpha.4"

"@bfchain/util-extends-iterator@0.0.1-alpha.4":
  version "0.0.1-alpha.4"
  resolved "https://registry.npmjs.org/@bfchain/util-extends-iterator/-/util-extends-iterator-0.0.1-alpha.4.tgz"
  integrity sha512-1EmvWZPOvSAFEBKidPKCeeHgKjgE9tLkDpZkQaqi7gDC7n/8CqYuBXZWRLHY5vYj2z+nrBOW5FhXLcgkDLgixQ==
  dependencies:
    "@bfchain/util-typings" "0.0.1-alpha.4"

"@bfchain/util-extends-map@0.0.1-alpha.4":
  version "0.0.1-alpha.4"
  resolved "https://registry.npmjs.org/@bfchain/util-extends-map/-/util-extends-map-0.0.1-alpha.4.tgz"
  integrity sha512-fhcgAqTjDsi1LDU8i3/qFKJ+VL4hPFv2R2GG3Fqdu7a5lNkZwPR7CnH/HCw1spWbctszttcmmXIlKGo/fGEFIw==
  dependencies:
    "@bfchain/util-decorator" "0.0.1-alpha.4"
    "@bfchain/util-typings" "0.0.1-alpha.4"

"@bfchain/util-extends-promise-out@0.0.1-alpha.4":
  version "0.0.1-alpha.4"
  resolved "https://registry.npmjs.org/@bfchain/util-extends-promise-out/-/util-extends-promise-out-0.0.1-alpha.4.tgz"
  integrity sha512-3Oxx4Um7peFZd5F+RgcEvjInePw5u10xU8OhwSsWWggtfWXDCyXg+9KgK4XP2ALJb155rfzK4+U8YNNiE5haAw==
  dependencies:
    "@bfchain/util-typings" "0.0.1-alpha.4"

"@bfchain/util-extends-promise-safe@0.0.1-alpha.4":
  version "0.0.1-alpha.4"
  resolved "https://registry.npmjs.org/@bfchain/util-extends-promise-safe/-/util-extends-promise-safe-0.0.1-alpha.4.tgz"
  integrity sha512-MmIrxxPM/IaNIWexc/u19t4DGqKM8QHDoP8yAkE3IyQNDPkK4u+c31bfN7nDYG8eLDOjzzvMlV39SuXJLrDWSw==
  dependencies:
    "@bfchain/util-extends-promise-out" "0.0.1-alpha.4"
    "@bfchain/util-typings" "0.0.1-alpha.4"

"@bfchain/util-extends-promise@0.0.1-alpha.4":
  version "0.0.1-alpha.4"
  resolved "https://registry.npmjs.org/@bfchain/util-extends-promise/-/util-extends-promise-0.0.1-alpha.4.tgz"
  integrity sha512-jVSQTC77GkVAgrYT3qP8uQfL8fkiKga7vOAy+YGIV/oFmlhME1Hz0cmfrgRbfeUuuZoUeef+bWHQ3rRA75ECxw==
  dependencies:
    "@bfchain/util-event" "0.0.1-alpha.4"
    "@bfchain/util-extends-error" "0.0.1-alpha.4"
    "@bfchain/util-extends-promise-out" "0.0.1-alpha.4"
    "@bfchain/util-extends-promise-safe" "0.0.1-alpha.4"
    "@bfchain/util-typings" "0.0.1-alpha.4"

"@bfchain/util-extends-set@0.0.1-alpha.4":
  version "0.0.1-alpha.4"
  resolved "https://registry.npmjs.org/@bfchain/util-extends-set/-/util-extends-set-0.0.1-alpha.4.tgz"
  integrity sha512-XUh3EvnU/THMPucVE8ZMtMHSqxgqvtFVJdAZ+WdBL1APd+am/VZlZI1PDlD7lr4uLkM9FDSLCNQVka7XYo6FfQ==
  dependencies:
    "@bfchain/util-decorator" "0.0.1-alpha.4"
    "@bfchain/util-typings" "0.0.1-alpha.4"

"@bfchain/util-fast-deep-equal@0.0.1-alpha.4":
  version "0.0.1-alpha.4"
  resolved "https://registry.npmjs.org/@bfchain/util-fast-deep-equal/-/util-fast-deep-equal-0.0.1-alpha.4.tgz"
  integrity sha512-6PQBLd4qeq9IgKnJs/IpOQRxYdvCu5m5ZWt8v7xPZgOmyAyqofcWzFY+8tQOd1q0E6MfdKVsgFbfu8FsIQ800Q==
  dependencies:
    "@bfchain/util-type-detect" "0.0.1-alpha.4"
    "@bfchain/util-typings" "0.0.1-alpha.4"

"@bfchain/util-lock-atom@0.0.1-alpha.4":
  version "0.0.1-alpha.4"
  resolved "https://registry.npmjs.org/@bfchain/util-lock-atom/-/util-lock-atom-0.0.1-alpha.4.tgz"
  integrity sha512-32PjSDb1s3Za6P1CH1IVcex5c70ubk+vuahh/EofvQuDRVvt286Kh4pjez2GR+z98HLbwIKluVuxWEI3tEwk4w==
  dependencies:
    "@bfchain/util-typings" "0.0.1-alpha.4"

"@bfchain/util-logger@0.0.1-alpha.4":
  version "0.0.1-alpha.4"
  resolved "https://registry.npmjs.org/@bfchain/util-logger/-/util-logger-0.0.1-alpha.4.tgz"
  integrity sha512-mGqRg9u/8ECb0d4oG1LLx+KkQLa36xzLxsMDLv86IcuV6E7/s/tZ89uOMfNe6qcDbgClVhwYfdZRNBgNwWIGQg==
  dependencies:
    "@bfchain/util-decorator" "0.0.1-alpha.4"
    "@bfchain/util-env" "0.0.1-alpha.4"
    "@bfchain/util-extends-map" "0.0.1-alpha.4"
    "@bfchain/util-ms" "0.0.1-alpha.4"
    "@bfchain/util-platform" "0.0.1-alpha.4"
    "@bfchain/util-typings" "0.0.1-alpha.4"

"@bfchain/util-ms@0.0.1-alpha.4":
  version "0.0.1-alpha.4"
  resolved "https://registry.npmjs.org/@bfchain/util-ms/-/util-ms-0.0.1-alpha.4.tgz"
  integrity sha512-GcPILzPnhjaOlIOSiruh1nBhdohVI/MKExEtaVLNaE55yQ/6UZQVfPQRnzIhUPGXeEEh0OHzt+SplRVTkwxMOg==
  dependencies:
    "@bfchain/util-typings" "0.0.1-alpha.4"

"@bfchain/util-platform@0.0.1-alpha.4":
  version "0.0.1-alpha.4"
  resolved "https://registry.npmjs.org/@bfchain/util-platform/-/util-platform-0.0.1-alpha.4.tgz"
  integrity sha512-OVvXOz404rSgIbnnkzhjdDDG0vpwdmHSYBqhQITm3WRvxZDhYRqNCiOKtArCeHvz/UYBfJNyMgUYHUfOMzXrlw==
  dependencies:
    "@bfchain/util-typings" "0.0.1-alpha.4"

"@bfchain/util-type-detect@0.0.1-alpha.4":
  version "0.0.1-alpha.4"
  resolved "https://registry.npmjs.org/@bfchain/util-type-detect/-/util-type-detect-0.0.1-alpha.4.tgz"
  integrity sha512-xQr5AGNICPHWkiYEg+WOkJLLdHeDjKV6vMvzIns7OA72u0S8/2H1f6T0pXP3gPiTXRxVS5dvD1vteYKla5jjXg==
  dependencies:
    "@bfchain/util-typings" "0.0.1-alpha.4"

"@bfchain/util-typings@0.0.1-alpha.4":
  version "0.0.1-alpha.4"
  resolved "https://registry.npmjs.org/@bfchain/util-typings/-/util-typings-0.0.1-alpha.4.tgz"
  integrity sha512-c7MohWcOo6gqyxr/U1p8wOqWHoyUYP46fGmBprJSU80GQ2HQH/rs7G5XugltYZLR88DvhqBT65bngjVV4TAqAA==

"@bfchain/util@^0.0.1-alpha.4":
  version "0.0.1-alpha.4"
  resolved "https://registry.npmjs.org/@bfchain/util/-/util-0.0.1-alpha.4.tgz"
  integrity sha512-crSF6W9NRtDSeQSsrX4SgX2HhFwXq8Kx8o5tksC4a8Fmx2zOggrXbLkA0SiBKr9kiTO/46LdPnMmKemHd8VPmw==
  dependencies:
    "@bfchain/util-aborter" "0.0.1-alpha.4"
    "@bfchain/util-buffer" "0.0.1-alpha.4"
    "@bfchain/util-decorator" "0.0.1-alpha.4"
    "@bfchain/util-deepcopy" "0.0.1-alpha.4"
    "@bfchain/util-deepmix" "0.0.1-alpha.4"
    "@bfchain/util-dep-inject" "0.0.1-alpha.4"
    "@bfchain/util-encoding-binary" "0.0.1-alpha.4"
    "@bfchain/util-encoding-hex" "0.0.1-alpha.4"
    "@bfchain/util-encoding-utf8" "0.0.1-alpha.4"
    "@bfchain/util-env" "0.0.1-alpha.4"
    "@bfchain/util-event" "0.0.1-alpha.4"
    "@bfchain/util-exception" "0.0.1-alpha.4"
    "@bfchain/util-extends-error" "0.0.1-alpha.4"
    "@bfchain/util-extends-function" "0.0.1-alpha.4"
    "@bfchain/util-extends-iterator" "0.0.1-alpha.4"
    "@bfchain/util-extends-map" "0.0.1-alpha.4"
    "@bfchain/util-extends-promise" "0.0.1-alpha.4"
    "@bfchain/util-extends-promise-out" "0.0.1-alpha.4"
    "@bfchain/util-extends-set" "0.0.1-alpha.4"
    "@bfchain/util-fast-deep-equal" "0.0.1-alpha.4"
    "@bfchain/util-lock-atom" "0.0.1-alpha.4"
    "@bfchain/util-logger" "0.0.1-alpha.4"
    "@bfchain/util-ms" "0.0.1-alpha.4"
    "@bfchain/util-platform" "0.0.1-alpha.4"
    "@bfchain/util-type-detect" "0.0.1-alpha.4"
    "@bfchain/util-typings" "0.0.1-alpha.4"

"@types/js-yaml@^4.0.3":
  version "4.0.3"
  resolved "https://registry.npmjs.org/@types/js-yaml/-/js-yaml-4.0.3.tgz"
  integrity sha512-5t9BhoORasuF5uCPr+d5/hdB++zRFUTMIZOzbNkr+jZh3yQht4HYbRDyj9fY8n2TZT30iW9huzav73x4NikqWg==

"@types/node@^16.9.1":
  version "16.9.1"
  resolved "https://registry.npmjs.org/@types/node/-/node-16.9.1.tgz"
  integrity sha512-QpLcX9ZSsq3YYUUnD3nFDY8H7wctAhQj/TFKL8Ya8v5fMm3CFXxo8zStsLAl780ltoYoo1WvKUVGBQK+1ifr7g==

argparse@^2.0.1:
  version "2.0.1"
  resolved "https://registry.npmjs.org/argparse/-/argparse-2.0.1.tgz"
  integrity sha512-8+9WqebbFzpX9OR+Wa6O29asIogeRMzcGtAINdpMHHyAg10f05aSFVBbcEqGf/PXw1EjAZ+q2/bEBg3DvurK3Q==

colorette@^1.2.2:
  version "1.4.0"
  resolved "https://registry.npmjs.org/colorette/-/colorette-1.4.0.tgz"
  integrity sha512-Y2oEozpomLn7Q3HFP7dpww7AtMJplbM9lGZP6RDfHqmbeRjiwRg4n6VM6j4KLmRke85uWEI7JqF17f3pqdRA0g==

esbuild-plugin-tsc@^0.3.0:
  version "0.3.0"
  resolved "https://registry.npmjs.org/esbuild-plugin-tsc/-/esbuild-plugin-tsc-0.3.0.tgz"
  integrity sha512-CUQhn9gdFaZj5WvNbUNHGutfsd/ZehxOvvC14w05XogpLuaIW5R08859HtbQYMcVBLW+/JLoWzcqQ5gWYIiF0Q==
  dependencies:
    strip-comments "^2.0.1"

esbuild@^0.12.17:
  version "0.12.28"
  resolved "https://registry.npmjs.org/esbuild/-/esbuild-0.12.28.tgz"
  integrity sha512-pZ0FrWZXlvQOATlp14lRSk1N9GkeJ3vLIwOcUoo3ICQn9WNR4rWoNi81pbn6sC1iYUy7QPqNzI3+AEzokwyVcA==

fsevents@~2.3.2:
  version "2.3.2"
  resolved "https://registry.yarnpkg.com/fsevents/-/fsevents-2.3.2.tgz#8a526f78b8fdf4623b709e0b975c52c24c02fd1a"
  integrity sha512-xiqMQR4xAeHTuB9uWm+fFRcIOgKBMiOBP+eXiyT7jsgVCq1bkVygt00oASowB7EdtpOHaaPgKt812P9ab+DDKA==

function-bind@^1.1.1:
  version "1.1.1"
  resolved "https://registry.npmjs.org/function-bind/-/function-bind-1.1.1.tgz"
  integrity sha512-yIovAzMX49sF8Yl58fSCWJ5svSLuaibPxXQJFLmBObTuCr0Mf1KiPopGM9NiFjiYBCbfaa2Fh6breQ6ANVTI0A==

has@^1.0.3:
  version "1.0.3"
  resolved "https://registry.npmjs.org/has/-/has-1.0.3.tgz"
  integrity sha512-f2dvO0VU6Oej7RkWJGrehjbzMAjFp5/VKPp5tTpWIV4JHHZK1/BxbFRtf/siA2SWTe09caDmVtYYzWEIbBS4zw==
  dependencies:
    function-bind "^1.1.1"

idb@^6.1.4:
  version "6.1.4"
  resolved "https://registry.yarnpkg.com/idb/-/idb-6.1.4.tgz#ec77519fe2591be616eaf3bbdedc3662bb558a99"
  integrity sha512-DshI5yxIB3NYc47cPpfipYX8MSIgQPqVR+WoaGI9EDq6cnLGgGYR1fp6z8/Bq9vMS8Jq1bS3eWUgXpFO5+ypSA==

is-core-module@^2.2.0:
  version "2.6.0"
  resolved "https://registry.npmjs.org/is-core-module/-/is-core-module-2.6.0.tgz"
  integrity sha512-wShG8vs60jKfPWpF2KZRaAtvt3a20OAn7+IJ6hLPECpSABLcKtFKTTI4ZtH5QcBruBHlq+WsdHWyz0BCZW7svQ==
  dependencies:
    has "^1.0.3"

js-yaml@^4.1.0:
  version "4.1.0"
  resolved "https://registry.npmjs.org/js-yaml/-/js-yaml-4.1.0.tgz"
  integrity sha512-wpxZs9NoxZaJESJGIZTyDEaYpl0FKSA+FB9aJiyemKhMwkxQg63h4T1KJgUGHpTqPDNRcmmYLugrRjJlBtWvRA==
  dependencies:
    argparse "^2.0.1"

nanoid@^3.1.23:
  version "3.1.25"
  resolved "https://registry.npmjs.org/nanoid/-/nanoid-3.1.25.tgz"
  integrity sha512-rdwtIXaXCLFAQbnfqDRnI6jaRHp9fTcYBjtFKE8eezcZ7LuLjhUaQGNeMXf1HmRoCH32CLz6XwX0TtxEOS/A3Q==

path-parse@^1.0.6:
  version "1.0.7"
  resolved "https://registry.npmjs.org/path-parse/-/path-parse-1.0.7.tgz"
  integrity sha512-LDJzPVEEEPR+y48z93A0Ed0yXb8pAByGWo/k5YYdYgpY2/2EsOsksJrq7lOHxryrVOn1ejG6oAp8ahvOIQD8sw==

postcss@^8.3.6:
  version "8.3.6"
  resolved "https://registry.npmjs.org/postcss/-/postcss-8.3.6.tgz"
  integrity sha512-wG1cc/JhRgdqB6WHEuyLTedf3KIRuD0hG6ldkFEZNCjRxiC+3i6kkWUUbiJQayP28iwG35cEmAbe98585BYV0A==
  dependencies:
    colorette "^1.2.2"
    nanoid "^3.1.23"
    source-map-js "^0.6.2"

reflect-metadata@^0.1.13:
  version "0.1.13"
  resolved "https://registry.npmjs.org/reflect-metadata/-/reflect-metadata-0.1.13.tgz"
  integrity sha512-Ts1Y/anZELhSsjMcU605fU9RE4Oi3p5ORujwbIKXfWa+0Zxs510Qrmrce5/Jowq3cHSZSJqBjypxmHarc+vEWg==

resolve@^1.20.0:
  version "1.20.0"
  resolved "https://registry.npmjs.org/resolve/-/resolve-1.20.0.tgz"
  integrity sha512-wENBPt4ySzg4ybFQW2TT1zMQucPK95HSh/nq2CFTZVOGut2+pQvSsgtda4d26YrYcr067wjbmzOG8byDPBX63A==
  dependencies:
    is-core-module "^2.2.0"
    path-parse "^1.0.6"

rollup@^2.38.5:
  version "2.56.3"
  resolved "https://registry.npmjs.org/rollup/-/rollup-2.56.3.tgz"
  integrity sha512-Au92NuznFklgQCUcV96iXlxUbHuB1vQMaH76DHl5M11TotjOHwqk9CwcrT78+Tnv4FN9uTBxq6p4EJoYkpyekg==
  optionalDependencies:
    fsevents "~2.3.2"

source-map-js@^0.6.2:
  version "0.6.2"
  resolved "https://registry.npmjs.org/source-map-js/-/source-map-js-0.6.2.tgz"
  integrity sha512-/3GptzWzu0+0MBQFrDKzw/DvvMTUORvgY6k6jd/VS6iCR4RDTKWH6v6WPwQoUO8667uQEf9Oe38DxAYWY5F/Ug==

strip-comments@^2.0.1:
  version "2.0.1"
  resolved "https://registry.npmjs.org/strip-comments/-/strip-comments-2.0.1.tgz"
  integrity sha512-ZprKx+bBLXv067WTCALv8SSz5l2+XhpYCsVtSqlMnkAXMWDq+/ekVbl1ghqP9rUHTzv6sm/DwCOiYutU/yp1fw==

tslib@^2.3.1:
  version "2.3.1"
  resolved "https://registry.npmjs.org/tslib/-/tslib-2.3.1.tgz"
  integrity sha512-77EbyPPpMz+FRFRuAFlWMtmgUWGe9UOG2Z25NqCwiIjRhOf5iKGuzSe5P2w1laq+FkRy4p+PCuVkJSGkzTEKVw==

typescript@^4.4.3:
  version "4.4.3"
  resolved "https://registry.npmjs.org/typescript/-/typescript-4.4.3.tgz"
  integrity sha512-4xfscpisVgqqDfPaJo5vkd+Qd/ItkoagnHpufr+i2QCHBsNYp+G7UAoyFl8aPtx879u38wPV65rZ8qbGZijalA==

vite@^2.5.7:
  version "2.5.7"
  resolved "https://registry.npmjs.org/vite/-/vite-2.5.7.tgz"
  integrity sha512-hyUoWmRPhjN1aI+ZSBqDINKdIq7aokHE2ZXiztOg4YlmtpeQtMwMeyxv6X9YxHZmvGzg/js/eATM9Z1nwyakxg==
  dependencies:
    esbuild "^0.12.17"
    postcss "^8.3.6"
    resolve "^1.20.0"
    rollup "^2.38.5"
  optionalDependencies:
    fsevents "~2.3.2"
