# THIS IS AN AUTOGENERATED FILE. DO NOT EDIT THIS FILE DIRECTLY.
# yarn lockfile v1


"@bfchain/util-aborter@0.0.1-alpha.4":
  version "0.0.1-alpha.4"
  resolved "https://registry.yarnpkg.com/@bfchain/util-aborter/-/util-aborter-0.0.1-alpha.4.tgz#a05171fb6f4fcf8ae1f32e312a0c5c47150bd31b"
  integrity sha512-vsydqak2vHdlP9WMXTNSqz1CqP+0xr25ROcwHUEBv8MXanLRZc3Kgv91KwcUt223QWU9KdKs+hsHjE5t0IuRzw==
  dependencies:
    "@bfchain/util-extends-promise-out" "0.0.1-alpha.4"
    "@bfchain/util-extends-promise-safe" "0.0.1-alpha.4"
    "@bfchain/util-typings" "0.0.1-alpha.4"

"@bfchain/util-buffer@0.0.1-alpha.4":
  version "0.0.1-alpha.4"
  resolved "https://registry.yarnpkg.com/@bfchain/util-buffer/-/util-buffer-0.0.1-alpha.4.tgz#11800b3801f46bba073fe49339dc43bd0505d195"
  integrity sha512-Cj1aeRpeJZtJEsF/m3E/3zzuO8Ivhrg3rhH0emz5FcPY62u3/IasyDEV6+Fb+etJ4G4AftuZ2zddtRiCzJ/zsQ==
  dependencies:
    "@bfchain/util-typings" "0.0.1-alpha.4"

"@bfchain/util-decorator@0.0.1-alpha.4":
  version "0.0.1-alpha.4"
  resolved "https://registry.yarnpkg.com/@bfchain/util-decorator/-/util-decorator-0.0.1-alpha.4.tgz#58e2a636c3513f9cabce6598435f9f6a901668d9"
  integrity sha512-K/RBBio9UQ5x54ETcYX75wH4BqzELi3Q52h8nsQB2RQ28BxN6UMPcJbXQLanHyDewjDx2eudKlZ7A++VFzdcHQ==
  dependencies:
    "@bfchain/util-extends-promise-out" "0.0.1-alpha.4"
    "@bfchain/util-typings" "0.0.1-alpha.4"

"@bfchain/util-deepcopy@0.0.1-alpha.4":
  version "0.0.1-alpha.4"
  resolved "https://registry.yarnpkg.com/@bfchain/util-deepcopy/-/util-deepcopy-0.0.1-alpha.4.tgz#de681f91626baea6f68e83073fb8f27c70922721"
  integrity sha512-t5nnl18YpIhxN7okOvmri6o/JiZbJEbSejBvYGaLTQC+NJnhhK4aBKx3PPzAUB57pwDJmhTTK8aHX/maJ5oS2w==
  dependencies:
    "@bfchain/util-type-detect" "0.0.1-alpha.4"
    "@bfchain/util-typings" "0.0.1-alpha.4"

"@bfchain/util-deepmix@0.0.1-alpha.4":
  version "0.0.1-alpha.4"
  resolved "https://registry.yarnpkg.com/@bfchain/util-deepmix/-/util-deepmix-0.0.1-alpha.4.tgz#cc7cb7ac1dfb9c5e266f45c6cb8edbef28772a49"
  integrity sha512-ZiGWmUBgR9Jg4+VEJMGJxqavwK017PiDMmKp79+UqLQOWHELOcWlf5t1AgXmtLYJS6Y8hc8IoHP7YDEpLYX6Lg==
  dependencies:
    "@bfchain/util-typings" "0.0.1-alpha.4"

"@bfchain/util-dep-inject@0.0.1-alpha.4":
  version "0.0.1-alpha.4"
  resolved "https://registry.yarnpkg.com/@bfchain/util-dep-inject/-/util-dep-inject-0.0.1-alpha.4.tgz#30ac0abb096a700efe298d5ed9dfedd844556250"
  integrity sha512-qXqIZ45yCPASvAebsckq7dVWBKQHZSa3Pb4YKcOUbLnwFeXm/v2rMeBUzxtWQhqMy/W0l7RpxLihfJ621xCBUg==
  dependencies:
    "@bfchain/util-extends-map" "0.0.1-alpha.4"
    "@bfchain/util-typings" "0.0.1-alpha.4"
    reflect-metadata "^0.1.13"

"@bfchain/util-encoding-binary@0.0.1-alpha.4":
  version "0.0.1-alpha.4"
  resolved "https://registry.yarnpkg.com/@bfchain/util-encoding-binary/-/util-encoding-binary-0.0.1-alpha.4.tgz#2317aef3956fad0fd256174362a0f1843f7631e1"
  integrity sha512-Fa5RIzAgTswvI4oD3BNqZb90ju8bE4uMRs6ey2SWXy6aeXsCP/IbtiSyYWyBI934viJHrdQx0rNtmGL2w1mYYQ==
  dependencies:
    "@bfchain/util-typings" "0.0.1-alpha.4"

"@bfchain/util-encoding-hex@0.0.1-alpha.4":
  version "0.0.1-alpha.4"
  resolved "https://registry.yarnpkg.com/@bfchain/util-encoding-hex/-/util-encoding-hex-0.0.1-alpha.4.tgz#d21cc4d6de99a094dbeaf1f279ba007163cf398f"
  integrity sha512-5f1SDIRxj9j3wAlMYJjfg5jSVJHnEyoDcrlCrtDRZ56j88OrNDvSgBHUf7gESEMCHoa4MQaMtRgVggk9rkn5pg==
  dependencies:
    "@bfchain/util-typings" "0.0.1-alpha.4"

"@bfchain/util-encoding-utf8@0.0.1-alpha.4":
  version "0.0.1-alpha.4"
  resolved "https://registry.yarnpkg.com/@bfchain/util-encoding-utf8/-/util-encoding-utf8-0.0.1-alpha.4.tgz#c5920431a0a8daa7fefd97f2eace57882cc8e53f"
  integrity sha512-QO3T1w8GIVIabnJtANjfXkGwtZ0Jvyjb3Rg3UJ/czMkxA4gqYAt/vFojwEDk0n3k6NOQM5uB9IZdK9Ja50pFqw==
  dependencies:
    "@bfchain/util-typings" "0.0.1-alpha.4"

"@bfchain/util-env@0.0.1-alpha.4":
  version "0.0.1-alpha.4"
  resolved "https://registry.yarnpkg.com/@bfchain/util-env/-/util-env-0.0.1-alpha.4.tgz#17e78c5831a5993f1e60e1864995756655da024d"
  integrity sha512-dlAg2k6No9vNtRBMgkm8e+Su/bXdOxlgUMUaAslUGYaWdirVkdG1sBQ4NxmiwHCgwsc4bU9beIow/QIzhd7wOw==
  dependencies:
    "@bfchain/util-platform" "0.0.1-alpha.4"
    "@bfchain/util-typings" "0.0.1-alpha.4"

"@bfchain/util-event-base@0.0.1-alpha.4":
  version "0.0.1-alpha.4"
  resolved "https://registry.yarnpkg.com/@bfchain/util-event-base/-/util-event-base-0.0.1-alpha.4.tgz#a3c188a866279ab303bc2529dde2642ed9a6149a"
  integrity sha512-TnILJ4GFtZVQ9/zamvcRFqlKpRFYn7PAUWX4bqzOK92YXyHCYHbAzTvKijiMNv22/hbrxIELdqT0bh7MVgl8hA==
  dependencies:
    "@bfchain/util-decorator" "0.0.1-alpha.4"
    "@bfchain/util-env" "0.0.1-alpha.4"
    "@bfchain/util-extends-error" "0.0.1-alpha.4"
    "@bfchain/util-extends-function" "0.0.1-alpha.4"
    "@bfchain/util-typings" "0.0.1-alpha.4"

"@bfchain/util-event-map-emitter@0.0.1-alpha.4":
  version "0.0.1-alpha.4"
  resolved "https://registry.yarnpkg.com/@bfchain/util-event-map-emitter/-/util-event-map-emitter-0.0.1-alpha.4.tgz#4af324488ec9752993bb2b284bb913448d10cd6b"
  integrity sha512-DSeeihwMZUebZXW/pvls99Sdt+XpPzcpRrwOsD73Tv5BGefdrC82wkNZX09jcVeeqgOyeEwYgkX8Foyz9vb8tw==
  dependencies:
    "@bfchain/util-event-base" "0.0.1-alpha.4"
    "@bfchain/util-typings" "0.0.1-alpha.4"

"@bfchain/util-event-quene-emitter@0.0.1-alpha.4":
  version "0.0.1-alpha.4"
  resolved "https://registry.yarnpkg.com/@bfchain/util-event-quene-emitter/-/util-event-quene-emitter-0.0.1-alpha.4.tgz#ec153f6fdb932dfd788aaaccb56fb133138726da"
  integrity sha512-S4C/zefVYzM4ZpE4KvIowlsE/Uab1i9HBeVPbuNc9NgpGuoISRx1EcF2NWyJjEBLf7IxajNNrpzao2cg5pfrsw==
  dependencies:
    "@bfchain/util-decorator" "0.0.1-alpha.4"
    "@bfchain/util-env" "0.0.1-alpha.4"
    "@bfchain/util-event-base" "0.0.1-alpha.4"
    "@bfchain/util-extends-error" "0.0.1-alpha.4"
    "@bfchain/util-extends-function" "0.0.1-alpha.4"
    "@bfchain/util-extends-promise-out" "0.0.1-alpha.4"
    "@bfchain/util-typings" "0.0.1-alpha.4"

"@bfchain/util-event@0.0.1-alpha.4":
  version "0.0.1-alpha.4"
  resolved "https://registry.yarnpkg.com/@bfchain/util-event/-/util-event-0.0.1-alpha.4.tgz#509d606c9d645cb554fbb1745a05859e19d5bafd"
  integrity sha512-vspPDw8TDlsU7QvnJ8pqgALrGqnG81JZToJeod+a/4izwHP0dzYaHwsgYK6GZSlFvDj+wgIcajzLwvzj5L+AxQ==
  dependencies:
    "@bfchain/util-event-base" "0.0.1-alpha.4"
    "@bfchain/util-event-map-emitter" "0.0.1-alpha.4"
    "@bfchain/util-event-quene-emitter" "0.0.1-alpha.4"
    "@bfchain/util-extends-promise-out" "0.0.1-alpha.4"
    "@bfchain/util-typings" "0.0.1-alpha.4"

"@bfchain/util-exception@0.0.1-alpha.4":
  version "0.0.1-alpha.4"
  resolved "https://registry.yarnpkg.com/@bfchain/util-exception/-/util-exception-0.0.1-alpha.4.tgz#423924c46f8413b0f7ccacf539c9899a890d8f23"
  integrity sha512-J9L9JQG+KX//RBmgR/bEW0cQFpeJRshnwkjJLvIBK3JpZuHY9ZOyVEJ7I3U2SHaFJ2hPOlkKfigmfTtqMyfAqA==
  dependencies:
    "@bfchain/util-dep-inject" "0.0.1-alpha.4"
    "@bfchain/util-extends-error" "0.0.1-alpha.4"
    "@bfchain/util-logger" "0.0.1-alpha.4"
    "@bfchain/util-platform" "0.0.1-alpha.4"
    "@bfchain/util-typings" "0.0.1-alpha.4"

"@bfchain/util-extends-error@0.0.1-alpha.4":
  version "0.0.1-alpha.4"
  resolved "https://registry.yarnpkg.com/@bfchain/util-extends-error/-/util-extends-error-0.0.1-alpha.4.tgz#838b1a61461a4160a1fcdaba14d510777a745f0c"
  integrity sha512-pX01dMoePuj78bCmlWAcUd8BYUKHxxAMnahxriKq+Y9G14uKEOOQoP2w7kpYb+X2sXnK5DsI2rGq7m5nT6W1wg==
  dependencies:
    "@bfchain/util-typings" "0.0.1-alpha.4"

"@bfchain/util-extends-function@0.0.1-alpha.4":
  version "0.0.1-alpha.4"
  resolved "https://registry.yarnpkg.com/@bfchain/util-extends-function/-/util-extends-function-0.0.1-alpha.4.tgz#aeff2973e2ede5b0ace48947ed8a23eec9067ad0"
  integrity sha512-DJ8cHBgk0IRQTYCbah0P+Ilo1EFepRTzFkTeAmYm7vMFUDytfbZbGMMnhX6qAlj+E1sL/0BblCNZ/dQUs113eA==
  dependencies:
    "@bfchain/util-typings" "0.0.1-alpha.4"

"@bfchain/util-extends-iterator@0.0.1-alpha.4":
  version "0.0.1-alpha.4"
  resolved "https://registry.yarnpkg.com/@bfchain/util-extends-iterator/-/util-extends-iterator-0.0.1-alpha.4.tgz#513214abd9857df5bebf8ed0eec0591112d51916"
  integrity sha512-1EmvWZPOvSAFEBKidPKCeeHgKjgE9tLkDpZkQaqi7gDC7n/8CqYuBXZWRLHY5vYj2z+nrBOW5FhXLcgkDLgixQ==
  dependencies:
    "@bfchain/util-typings" "0.0.1-alpha.4"

"@bfchain/util-extends-map@0.0.1-alpha.4":
  version "0.0.1-alpha.4"
  resolved "https://registry.yarnpkg.com/@bfchain/util-extends-map/-/util-extends-map-0.0.1-alpha.4.tgz#7c168b1300c338edd7fd9e71f569647df50fda6a"
  integrity sha512-fhcgAqTjDsi1LDU8i3/qFKJ+VL4hPFv2R2GG3Fqdu7a5lNkZwPR7CnH/HCw1spWbctszttcmmXIlKGo/fGEFIw==
  dependencies:
    "@bfchain/util-decorator" "0.0.1-alpha.4"
    "@bfchain/util-typings" "0.0.1-alpha.4"

"@bfchain/util-extends-promise-out@0.0.1-alpha.4":
  version "0.0.1-alpha.4"
  resolved "https://registry.yarnpkg.com/@bfchain/util-extends-promise-out/-/util-extends-promise-out-0.0.1-alpha.4.tgz#892b76ef0a5b39472e39f2bde62404373de43039"
  integrity sha512-3Oxx4Um7peFZd5F+RgcEvjInePw5u10xU8OhwSsWWggtfWXDCyXg+9KgK4XP2ALJb155rfzK4+U8YNNiE5haAw==
  dependencies:
    "@bfchain/util-typings" "0.0.1-alpha.4"

"@bfchain/util-extends-promise-safe@0.0.1-alpha.4":
  version "0.0.1-alpha.4"
  resolved "https://registry.yarnpkg.com/@bfchain/util-extends-promise-safe/-/util-extends-promise-safe-0.0.1-alpha.4.tgz#44079866d579d2f7a0b3d5b828a5b4bbf3d4ca5c"
  integrity sha512-MmIrxxPM/IaNIWexc/u19t4DGqKM8QHDoP8yAkE3IyQNDPkK4u+c31bfN7nDYG8eLDOjzzvMlV39SuXJLrDWSw==
  dependencies:
    "@bfchain/util-extends-promise-out" "0.0.1-alpha.4"
    "@bfchain/util-typings" "0.0.1-alpha.4"

"@bfchain/util-extends-promise@0.0.1-alpha.4":
  version "0.0.1-alpha.4"
  resolved "https://registry.yarnpkg.com/@bfchain/util-extends-promise/-/util-extends-promise-0.0.1-alpha.4.tgz#9dfa9fc6790ea6fc136ec1edcdaaf51caa4bf446"
  integrity sha512-jVSQTC77GkVAgrYT3qP8uQfL8fkiKga7vOAy+YGIV/oFmlhME1Hz0cmfrgRbfeUuuZoUeef+bWHQ3rRA75ECxw==
  dependencies:
    "@bfchain/util-event" "0.0.1-alpha.4"
    "@bfchain/util-extends-error" "0.0.1-alpha.4"
    "@bfchain/util-extends-promise-out" "0.0.1-alpha.4"
    "@bfchain/util-extends-promise-safe" "0.0.1-alpha.4"
    "@bfchain/util-typings" "0.0.1-alpha.4"

"@bfchain/util-extends-set@0.0.1-alpha.4":
  version "0.0.1-alpha.4"
  resolved "https://registry.yarnpkg.com/@bfchain/util-extends-set/-/util-extends-set-0.0.1-alpha.4.tgz#56cb51c7fac298e726b60172b9d3ccf1591b0a2c"
  integrity sha512-XUh3EvnU/THMPucVE8ZMtMHSqxgqvtFVJdAZ+WdBL1APd+am/VZlZI1PDlD7lr4uLkM9FDSLCNQVka7XYo6FfQ==
  dependencies:
    "@bfchain/util-decorator" "0.0.1-alpha.4"
    "@bfchain/util-typings" "0.0.1-alpha.4"

"@bfchain/util-fast-deep-equal@0.0.1-alpha.4":
  version "0.0.1-alpha.4"
  resolved "https://registry.yarnpkg.com/@bfchain/util-fast-deep-equal/-/util-fast-deep-equal-0.0.1-alpha.4.tgz#3b403f6d12353a2c5b191d829e1cca73d42e3b73"
  integrity sha512-6PQBLd4qeq9IgKnJs/IpOQRxYdvCu5m5ZWt8v7xPZgOmyAyqofcWzFY+8tQOd1q0E6MfdKVsgFbfu8FsIQ800Q==
  dependencies:
    "@bfchain/util-type-detect" "0.0.1-alpha.4"
    "@bfchain/util-typings" "0.0.1-alpha.4"

"@bfchain/util-lock-atom@0.0.1-alpha.4":
  version "0.0.1-alpha.4"
  resolved "https://registry.yarnpkg.com/@bfchain/util-lock-atom/-/util-lock-atom-0.0.1-alpha.4.tgz#4d12608b2f7838a1a66ae8dbd71794d99470b040"
  integrity sha512-32PjSDb1s3Za6P1CH1IVcex5c70ubk+vuahh/EofvQuDRVvt286Kh4pjez2GR+z98HLbwIKluVuxWEI3tEwk4w==
  dependencies:
    "@bfchain/util-typings" "0.0.1-alpha.4"

"@bfchain/util-logger@0.0.1-alpha.4":
  version "0.0.1-alpha.4"
  resolved "https://registry.yarnpkg.com/@bfchain/util-logger/-/util-logger-0.0.1-alpha.4.tgz#43c7daaa4940f4c4fc11b37609991706b0d06646"
  integrity sha512-mGqRg9u/8ECb0d4oG1LLx+KkQLa36xzLxsMDLv86IcuV6E7/s/tZ89uOMfNe6qcDbgClVhwYfdZRNBgNwWIGQg==
  dependencies:
    "@bfchain/util-decorator" "0.0.1-alpha.4"
    "@bfchain/util-env" "0.0.1-alpha.4"
    "@bfchain/util-extends-map" "0.0.1-alpha.4"
    "@bfchain/util-ms" "0.0.1-alpha.4"
    "@bfchain/util-platform" "0.0.1-alpha.4"
    "@bfchain/util-typings" "0.0.1-alpha.4"

"@bfchain/util-ms@0.0.1-alpha.4":
  version "0.0.1-alpha.4"
  resolved "https://registry.yarnpkg.com/@bfchain/util-ms/-/util-ms-0.0.1-alpha.4.tgz#1a489d050f799fbdfa82e0c9f33d27f47c2a6645"
  integrity sha512-GcPILzPnhjaOlIOSiruh1nBhdohVI/MKExEtaVLNaE55yQ/6UZQVfPQRnzIhUPGXeEEh0OHzt+SplRVTkwxMOg==
  dependencies:
    "@bfchain/util-typings" "0.0.1-alpha.4"

"@bfchain/util-platform@0.0.1-alpha.4":
  version "0.0.1-alpha.4"
  resolved "https://registry.yarnpkg.com/@bfchain/util-platform/-/util-platform-0.0.1-alpha.4.tgz#32003e747b455ca7db49cc419b412e62c127d9cd"
  integrity sha512-OVvXOz404rSgIbnnkzhjdDDG0vpwdmHSYBqhQITm3WRvxZDhYRqNCiOKtArCeHvz/UYBfJNyMgUYHUfOMzXrlw==
  dependencies:
    "@bfchain/util-typings" "0.0.1-alpha.4"

"@bfchain/util-type-detect@0.0.1-alpha.4":
  version "0.0.1-alpha.4"
  resolved "https://registry.yarnpkg.com/@bfchain/util-type-detect/-/util-type-detect-0.0.1-alpha.4.tgz#5d4862e4d7fd8ce64afdf443ac9dc54926bad0d8"
  integrity sha512-xQr5AGNICPHWkiYEg+WOkJLLdHeDjKV6vMvzIns7OA72u0S8/2H1f6T0pXP3gPiTXRxVS5dvD1vteYKla5jjXg==
  dependencies:
    "@bfchain/util-typings" "0.0.1-alpha.4"

"@bfchain/util-typings@0.0.1-alpha.4":
  version "0.0.1-alpha.4"
  resolved "https://registry.yarnpkg.com/@bfchain/util-typings/-/util-typings-0.0.1-alpha.4.tgz#3fddfd7c52275ac7eb686a5c169b9d5340a22fcd"
  integrity sha512-c7MohWcOo6gqyxr/U1p8wOqWHoyUYP46fGmBprJSU80GQ2HQH/rs7G5XugltYZLR88DvhqBT65bngjVV4TAqAA==

"@bfchain/util@^0.0.1-alpha.4":
  version "0.0.1-alpha.4"
  resolved "https://registry.yarnpkg.com/@bfchain/util/-/util-0.0.1-alpha.4.tgz#e38cebe9910e1852d6d89b87401bbd240d55fcef"
  integrity sha512-crSF6W9NRtDSeQSsrX4SgX2HhFwXq8Kx8o5tksC4a8Fmx2zOggrXbLkA0SiBKr9kiTO/46LdPnMmKemHd8VPmw==
  dependencies:
    "@bfchain/util-aborter" "0.0.1-alpha.4"
    "@bfchain/util-buffer" "0.0.1-alpha.4"
    "@bfchain/util-decorator" "0.0.1-alpha.4"
    "@bfchain/util-deepcopy" "0.0.1-alpha.4"
    "@bfchain/util-deepmix" "0.0.1-alpha.4"
    "@bfchain/util-dep-inject" "0.0.1-alpha.4"
    "@bfchain/util-encoding-binary" "0.0.1-alpha.4"
    "@bfchain/util-encoding-hex" "0.0.1-alpha.4"
    "@bfchain/util-encoding-utf8" "0.0.1-alpha.4"
    "@bfchain/util-env" "0.0.1-alpha.4"
    "@bfchain/util-event" "0.0.1-alpha.4"
    "@bfchain/util-exception" "0.0.1-alpha.4"
    "@bfchain/util-extends-error" "0.0.1-alpha.4"
    "@bfchain/util-extends-function" "0.0.1-alpha.4"
    "@bfchain/util-extends-iterator" "0.0.1-alpha.4"
    "@bfchain/util-extends-map" "0.0.1-alpha.4"
    "@bfchain/util-extends-promise" "0.0.1-alpha.4"
    "@bfchain/util-extends-promise-out" "0.0.1-alpha.4"
    "@bfchain/util-extends-set" "0.0.1-alpha.4"
    "@bfchain/util-fast-deep-equal" "0.0.1-alpha.4"
    "@bfchain/util-lock-atom" "0.0.1-alpha.4"
    "@bfchain/util-logger" "0.0.1-alpha.4"
    "@bfchain/util-ms" "0.0.1-alpha.4"
    "@bfchain/util-platform" "0.0.1-alpha.4"
    "@bfchain/util-type-detect" "0.0.1-alpha.4"
    "@bfchain/util-typings" "0.0.1-alpha.4"

"@types/node@^16.9.1":
  version "16.9.1"
  resolved "https://registry.yarnpkg.com/@types/node/-/node-16.9.1.tgz#0611b37db4246c937feef529ddcc018cf8e35708"
  integrity sha512-QpLcX9ZSsq3YYUUnD3nFDY8H7wctAhQj/TFKL8Ya8v5fMm3CFXxo8zStsLAl780ltoYoo1WvKUVGBQK+1ifr7g==

colorette@^1.2.2:
  version "1.4.0"
  resolved "https://registry.yarnpkg.com/colorette/-/colorette-1.4.0.tgz#5190fbb87276259a86ad700bff2c6d6faa3fca40"
  integrity sha512-Y2oEozpomLn7Q3HFP7dpww7AtMJplbM9lGZP6RDfHqmbeRjiwRg4n6VM6j4KLmRke85uWEI7JqF17f3pqdRA0g==

esbuild-plugin-tsc@^0.3.0:
  version "0.3.0"
  resolved "https://registry.yarnpkg.com/esbuild-plugin-tsc/-/esbuild-plugin-tsc-0.3.0.tgz#269d405a0a1f0b21ae6cbcb4c1488e12be16186d"
  integrity sha512-CUQhn9gdFaZj5WvNbUNHGutfsd/ZehxOvvC14w05XogpLuaIW5R08859HtbQYMcVBLW+/JLoWzcqQ5gWYIiF0Q==
  dependencies:
    strip-comments "^2.0.1"

esbuild@^0.12.17:
  version "0.12.28"
  resolved "https://registry.yarnpkg.com/esbuild/-/esbuild-0.12.28.tgz#84da0d2a0d0dee181281545271e0d65cf6fab1ef"
  integrity sha512-pZ0FrWZXlvQOATlp14lRSk1N9GkeJ3vLIwOcUoo3ICQn9WNR4rWoNi81pbn6sC1iYUy7QPqNzI3+AEzokwyVcA==

fsevents@~2.3.2:
  version "2.3.2"
  resolved "https://registry.yarnpkg.com/fsevents/-/fsevents-2.3.2.tgz#8a526f78b8fdf4623b709e0b975c52c24c02fd1a"
  integrity sha512-xiqMQR4xAeHTuB9uWm+fFRcIOgKBMiOBP+eXiyT7jsgVCq1bkVygt00oASowB7EdtpOHaaPgKt812P9ab+DDKA==

function-bind@^1.1.1:
  version "1.1.1"
  resolved "https://registry.yarnpkg.com/function-bind/-/function-bind-1.1.1.tgz#a56899d3ea3c9bab874bb9773b7c5ede92f4895d"
  integrity sha512-yIovAzMX49sF8Yl58fSCWJ5svSLuaibPxXQJFLmBObTuCr0Mf1KiPopGM9NiFjiYBCbfaa2Fh6breQ6ANVTI0A==

has@^1.0.3:
  version "1.0.3"
  resolved "https://registry.yarnpkg.com/has/-/has-1.0.3.tgz#722d7cbfc1f6aa8241f16dd814e011e1f41e8796"
  integrity sha512-f2dvO0VU6Oej7RkWJGrehjbzMAjFp5/VKPp5tTpWIV4JHHZK1/BxbFRtf/siA2SWTe09caDmVtYYzWEIbBS4zw==
  dependencies:
    function-bind "^1.1.1"

is-core-module@^2.2.0:
  version "2.6.0"
  resolved "https://registry.yarnpkg.com/is-core-module/-/is-core-module-2.6.0.tgz#d7553b2526fe59b92ba3e40c8df757ec8a709e19"
  integrity sha512-wShG8vs60jKfPWpF2KZRaAtvt3a20OAn7+IJ6hLPECpSABLcKtFKTTI4ZtH5QcBruBHlq+WsdHWyz0BCZW7svQ==
  dependencies:
    has "^1.0.3"

nanoid@^3.1.23:
  version "3.1.25"
  resolved "https://registry.yarnpkg.com/nanoid/-/nanoid-3.1.25.tgz#09ca32747c0e543f0e1814b7d3793477f9c8e152"
  integrity sha512-rdwtIXaXCLFAQbnfqDRnI6jaRHp9fTcYBjtFKE8eezcZ7LuLjhUaQGNeMXf1HmRoCH32CLz6XwX0TtxEOS/A3Q==

path-parse@^1.0.6:
  version "1.0.7"
  resolved "https://registry.yarnpkg.com/path-parse/-/path-parse-1.0.7.tgz#fbc114b60ca42b30d9daf5858e4bd68bbedb6735"
  integrity sha512-LDJzPVEEEPR+y48z93A0Ed0yXb8pAByGWo/k5YYdYgpY2/2EsOsksJrq7lOHxryrVOn1ejG6oAp8ahvOIQD8sw==

postcss@^8.3.6:
  version "8.3.6"
  resolved "https://registry.yarnpkg.com/postcss/-/postcss-8.3.6.tgz#2730dd76a97969f37f53b9a6096197be311cc4ea"
  integrity sha512-wG1cc/JhRgdqB6WHEuyLTedf3KIRuD0hG6ldkFEZNCjRxiC+3i6kkWUUbiJQayP28iwG35cEmAbe98585BYV0A==
  dependencies:
    colorette "^1.2.2"
    nanoid "^3.1.23"
    source-map-js "^0.6.2"

reflect-metadata@^0.1.13:
  version "0.1.13"
  resolved "https://registry.yarnpkg.com/reflect-metadata/-/reflect-metadata-0.1.13.tgz#67ae3ca57c972a2aa1642b10fe363fe32d49dc08"
  integrity sha512-Ts1Y/anZELhSsjMcU605fU9RE4Oi3p5ORujwbIKXfWa+0Zxs510Qrmrce5/Jowq3cHSZSJqBjypxmHarc+vEWg==

resolve@^1.20.0:
  version "1.20.0"
  resolved "https://registry.yarnpkg.com/resolve/-/resolve-1.20.0.tgz#629a013fb3f70755d6f0b7935cc1c2c5378b1975"
  integrity sha512-wENBPt4ySzg4ybFQW2TT1zMQucPK95HSh/nq2CFTZVOGut2+pQvSsgtda4d26YrYcr067wjbmzOG8byDPBX63A==
  dependencies:
    is-core-module "^2.2.0"
    path-parse "^1.0.6"

rollup@^2.38.5:
  version "2.56.3"
  resolved "https://registry.yarnpkg.com/rollup/-/rollup-2.56.3.tgz#b63edadd9851b0d618a6d0e6af8201955a77aeff"
  integrity sha512-Au92NuznFklgQCUcV96iXlxUbHuB1vQMaH76DHl5M11TotjOHwqk9CwcrT78+Tnv4FN9uTBxq6p4EJoYkpyekg==
  optionalDependencies:
    fsevents "~2.3.2"

source-map-js@^0.6.2:
  version "0.6.2"
  resolved "https://registry.yarnpkg.com/source-map-js/-/source-map-js-0.6.2.tgz#0bb5de631b41cfbda6cfba8bd05a80efdfd2385e"
  integrity sha512-/3GptzWzu0+0MBQFrDKzw/DvvMTUORvgY6k6jd/VS6iCR4RDTKWH6v6WPwQoUO8667uQEf9Oe38DxAYWY5F/Ug==

strip-comments@^2.0.1:
  version "2.0.1"
  resolved "https://registry.yarnpkg.com/strip-comments/-/strip-comments-2.0.1.tgz#4ad11c3fbcac177a67a40ac224ca339ca1c1ba9b"
  integrity sha512-ZprKx+bBLXv067WTCALv8SSz5l2+XhpYCsVtSqlMnkAXMWDq+/ekVbl1ghqP9rUHTzv6sm/DwCOiYutU/yp1fw==

tslib@^2.3.1:
  version "2.3.1"
  resolved "https://registry.yarnpkg.com/tslib/-/tslib-2.3.1.tgz#e8a335add5ceae51aa261d32a490158ef042ef01"
  integrity sha512-77EbyPPpMz+FRFRuAFlWMtmgUWGe9UOG2Z25NqCwiIjRhOf5iKGuzSe5P2w1laq+FkRy4p+PCuVkJSGkzTEKVw==

typescript@^4.4.3:
  version "4.4.3"
  resolved "https://registry.yarnpkg.com/typescript/-/typescript-4.4.3.tgz#bdc5407caa2b109efd4f82fe130656f977a29324"
  integrity sha512-4xfscpisVgqqDfPaJo5vkd+Qd/ItkoagnHpufr+i2QCHBsNYp+G7UAoyFl8aPtx879u38wPV65rZ8qbGZijalA==

vite@^2.5.7:
  version "2.5.7"
  resolved "https://registry.yarnpkg.com/vite/-/vite-2.5.7.tgz#e495be9d8bcbf9d30c7141efdccacde746ee0125"
  integrity sha512-hyUoWmRPhjN1aI+ZSBqDINKdIq7aokHE2ZXiztOg4YlmtpeQtMwMeyxv6X9YxHZmvGzg/js/eATM9Z1nwyakxg==
  dependencies:
    esbuild "^0.12.17"
    postcss "^8.3.6"
    resolve "^1.20.0"
    rollup "^2.38.5"
  optionalDependencies:
    fsevents "~2.3.2"
